
Microsoft Visual Studio Solution File, Format Version 12.00
# Visual Studio Version 16
VisualStudioVersion = 16.0.29009.5
MinimumVisualStudioVersion = 10.0.40219.1
Project("{8BC9CEB8-8B4A-11D0-8D11-00A0C91BC942}") = "Huffman", "Huffman\Huffman.vcxproj", "{913212BE-0CB4-4C03-BA4B-F03D0F1D6262}"
EndProject
Global
	GlobalSection(SolutionConfigurationPlatforms) = preSolution
		Debug|x64 = Debug|x64
		Debug|x86 = Debug|x86
		Release|x64 = Release|x64
		Release|x86 = Release|x86
	EndGlobalSection
	GlobalSection(ProjectConfigurationPlatforms) = postSolution
		{913212BE-0CB4-4C03-BA4B-F03D0F1D6262}.Debug|x64.ActiveCfg = Debug|x64
		{913212BE-0CB4-4C03-BA4B-F03D0F1D6262}.Debug|x64.Build.0 = Debug|x64
		{913212BE-0CB4-4C03-BA4B-F03D0F1D6262}.Debug|x86.ActiveCfg = Debug|Win32
		{913212BE-0CB4-4C03-BA4B-F03D0F1D6262}.Debug|x86.Build.0 = Debug|Win32
		{913212BE-0CB4-4C03-BA4B-F03D0F1D6262}.Release|x64.ActiveCfg = Release|x64
		{913212BE-0CB4-4C03-BA4B-F03D0F1D6262}.Release|x64.Build.0 = Release|x64
		{913212BE-0CB4-4C03-BA4B-F03D0F1D6262}.Release|x86.ActiveCfg = Release|Win32
		{913212BE-0CB4-4C03-BA4B-F03D0F1D6262}.Release|x86.Build.0 = Release|Win32
	EndGlobalSection
	GlobalSection(SolutionProperties) = preSolution
		HideSolutionNode = FALSE
	EndGlobalSection
	GlobalSection(ExtensibilityGlobals) = postSolution
		SolutionGuid = {66525878-542A-452C-8120-9E7618EB7117}
	EndGlobalSection
EndGlobal
